{
  "object": {
    "pins": [
      {
        "package": "SwiftKit",
        "repositoryURL": "https://github.com/danielsaidi/SwiftKit.git",
        "state": {
          "branch": "master",
          "revision": "795afb931212af4c0f86b6e8f838c2284ada6242",
          "version": null
        }
      }
    ]
  },
  "version": 1
}
