{
  "object": {
    "pins": [
      {
        "package": "SwiftKit",
        "repositoryURL": "https://github.com/danielsaidi/SwiftKit.git",
        "state": {
          "branch": "master",
          "revision": "c6a30a73b90a1e8fe6486c83f5f2773bc0811b73",
          "version": null
        }
      }
    ]
  },
  "version": 1
}
