// !$*UTF8*$!
{
	archiveVersion = 1;
	classes = {
	};
	objectVersion = 52;
	objects = {

/* Begin PBXBuildFile section */
		A953CA6A24582D6B00013375 /* AppDelegate.swift in Sources */ = {isa = PBXBuildFile; fileRef = A953CA6924582D6B00013375 /* AppDelegate.swift */; };
		A953CA6C24582D6B00013375 /* SceneDelegate.swift in Sources */ = {isa = PBXBuildFile; fileRef = A953CA6B24582D6B00013375 /* SceneDelegate.swift */; };
		A953CA6E24582D6B00013375 /* HomeScreen.swift in Sources */ = {isa = PBXBuildFile; fileRef = A953CA6D24582D6B00013375 /* HomeScreen.swift */; };
		A953CA7324582D6D00013375 /* Preview Assets.xcassets in Resources */ = {isa = PBXBuildFile; fileRef = A953CA7224582D6D00013375 /* Preview Assets.xcassets */; };
		A953CA7624582D6D00013375 /* LaunchScreen.storyboard in Resources */ = {isa = PBXBuildFile; fileRef = A953CA7424582D6D00013375 /* LaunchScreen.storyboard */; };
		A953CA8024582E2D00013375 /* ExtensionsScreen.swift in Sources */ = {isa = PBXBuildFile; fileRef = A953CA7F24582E2D00013375 /* ExtensionsScreen.swift */; };
		A953CAA92458441600013375 /* Assets.xcassets in Resources */ = {isa = PBXBuildFile; fileRef = A953CAA82458441600013375 /* Assets.xcassets */; };
		A953CAAE245852CF00013375 /* SwiftKit in Frameworks */ = {isa = PBXBuildFile; productRef = A953CAAD245852CF00013375 /* SwiftKit */; };
		A953CAB12458BF8900013375 /* AuthenticationScreen.swift in Sources */ = {isa = PBXBuildFile; fileRef = A953CAB02458BF8900013375 /* AuthenticationScreen.swift */; };
		A953CAB42458C06F00013375 /* ListButton.swift in Sources */ = {isa = PBXBuildFile; fileRef = A953CAB32458C06F00013375 /* ListButton.swift */; };
		A953CABA245A191000013375 /* IoCScreen.swift in Sources */ = {isa = PBXBuildFile; fileRef = A953CAB9245A191000013375 /* IoCScreen.swift */; };
		A953CABD245A1FDB00013375 /* CodingScreen.swift in Sources */ = {isa = PBXBuildFile; fileRef = A953CABC245A1FDB00013375 /* CodingScreen.swift */; };
/* End PBXBuildFile section */

/* Begin PBXFileReference section */
		A953CA6624582D6B00013375 /* SwiftKitDemo.app */ = {isa = PBXFileReference; explicitFileType = wrapper.application; includeInIndex = 0; path = SwiftKitDemo.app; sourceTree = BUILT_PRODUCTS_DIR; };
		A953CA6924582D6B00013375 /* AppDelegate.swift */ = {isa = PBXFileReference; lastKnownFileType = sourcecode.swift; path = AppDelegate.swift; sourceTree = "<group>"; };
		A953CA6B24582D6B00013375 /* SceneDelegate.swift */ = {isa = PBXFileReference; lastKnownFileType = sourcecode.swift; path = SceneDelegate.swift; sourceTree = "<group>"; };
		A953CA6D24582D6B00013375 /* HomeScreen.swift */ = {isa = PBXFileReference; lastKnownFileType = sourcecode.swift; path = HomeScreen.swift; sourceTree = "<group>"; };
		A953CA7224582D6D00013375 /* Preview Assets.xcassets */ = {isa = PBXFileReference; lastKnownFileType = folder.assetcatalog; path = "Preview Assets.xcassets"; sourceTree = "<group>"; };
		A953CA7524582D6D00013375 /* Base */ = {isa = PBXFileReference; lastKnownFileType = file.storyboard; name = Base; path = Base.lproj/LaunchScreen.storyboard; sourceTree = "<group>"; };
		A953CA7724582D6D00013375 /* Info.plist */ = {isa = PBXFileReference; lastKnownFileType = text.plist.xml; path = Info.plist; sourceTree = "<group>"; };
		A953CA7F24582E2D00013375 /* ExtensionsScreen.swift */ = {isa = PBXFileReference; fileEncoding = 4; lastKnownFileType = sourcecode.swift; path = ExtensionsScreen.swift; sourceTree = "<group>"; };
		A953CA87245842AB00013375 /* LICENSE */ = {isa = PBXFileReference; lastKnownFileType = text; name = LICENSE; path = ../LICENSE; sourceTree = "<group>"; };
		A953CA88245842AB00013375 /* .swiftlint.yml */ = {isa = PBXFileReference; lastKnownFileType = text.yaml; name = .swiftlint.yml; path = ../.swiftlint.yml; sourceTree = "<group>"; };
		A953CA89245842AB00013375 /* Fastfile */ = {isa = PBXFileReference; lastKnownFileType = text; name = Fastfile; path = ../Fastlane/Fastfile; sourceTree = "<group>"; };
		A953CA8A245842AB00013375 /* DSSwiftKit.podspec */ = {isa = PBXFileReference; lastKnownFileType = text; name = DSSwiftKit.podspec; path = ../DSSwiftKit.podspec; sourceTree = "<group>"; };
		A953CA8B245842AB00013375 /* Package.swift */ = {isa = PBXFileReference; lastKnownFileType = sourcecode.swift; name = Package.swift; path = ../Package.swift; sourceTree = "<group>"; };
		A953CA8C245842AB00013375 /* Release Notes.md */ = {isa = PBXFileReference; lastKnownFileType = net.daringfireball.markdown; name = "Release Notes.md"; path = "../Release Notes.md"; sourceTree = "<group>"; };
		A953CA8D245842AB00013375 /* .gitignore */ = {isa = PBXFileReference; lastKnownFileType = text; name = .gitignore; path = ../.gitignore; sourceTree = "<group>"; };
		A953CA8E245842AB00013375 /* README.md */ = {isa = PBXFileReference; lastKnownFileType = net.daringfireball.markdown; name = README.md; path = ../README.md; sourceTree = "<group>"; };
		A953CA90245842AB00013375 /* Extensions.md */ = {isa = PBXFileReference; lastKnownFileType = net.daringfireball.markdown; path = Extensions.md; sourceTree = "<group>"; };
		A953CAA82458441600013375 /* Assets.xcassets */ = {isa = PBXFileReference; lastKnownFileType = folder.assetcatalog; path = Assets.xcassets; sourceTree = "<group>"; };
		A953CAB02458BF8900013375 /* AuthenticationScreen.swift */ = {isa = PBXFileReference; lastKnownFileType = sourcecode.swift; path = AuthenticationScreen.swift; sourceTree = "<group>"; };
		A953CAB32458C06F00013375 /* ListButton.swift */ = {isa = PBXFileReference; lastKnownFileType = sourcecode.swift; path = ListButton.swift; sourceTree = "<group>"; };
		A953CAB52458D24C00013375 /* Authentication.md */ = {isa = PBXFileReference; lastKnownFileType = net.daringfireball.markdown; path = Authentication.md; sourceTree = "<group>"; };
		A953CAB9245A191000013375 /* IoCScreen.swift */ = {isa = PBXFileReference; lastKnownFileType = sourcecode.swift; path = IoCScreen.swift; sourceTree = "<group>"; };
		A953CABC245A1FDB00013375 /* CodingScreen.swift */ = {isa = PBXFileReference; lastKnownFileType = sourcecode.swift; path = CodingScreen.swift; sourceTree = "<group>"; };
/* End PBXFileReference section */

/* Begin PBXFrameworksBuildPhase section */
		A953CA6324582D6B00013375 /* Frameworks */ = {
			isa = PBXFrameworksBuildPhase;
			buildActionMask = 2147483647;
			files = (
				A953CAAE245852CF00013375 /* SwiftKit in Frameworks */,
			);
			runOnlyForDeploymentPostprocessing = 0;
		};
/* End PBXFrameworksBuildPhase section */

/* Begin PBXGroup section */
		A953CA5D24582D6B00013375 = {
			isa = PBXGroup;
			children = (
				A953CA6824582D6B00013375 /* SwiftKitDemo */,
				A953CA6724582D6B00013375 /* Products */,
				A953CA862458428700013375 /* Project Files */,
			);
			sourceTree = "<group>";
		};
		A953CA6724582D6B00013375 /* Products */ = {
			isa = PBXGroup;
			children = (
				A953CA6624582D6B00013375 /* SwiftKitDemo.app */,
			);
			name = Products;
			sourceTree = "<group>";
		};
		A953CA6824582D6B00013375 /* SwiftKitDemo */ = {
			isa = PBXGroup;
			children = (
				A953CA7D24582D8200013375 /* App */,
				A953CAB22458C06500013375 /* Demo */,
				A953CA7124582D6D00013375 /* Preview Content */,
				A953CAA72458441600013375 /* Resources */,
				A953CABB245A1FBE00013375 /* Screens */,
			);
			path = SwiftKitDemo;
			sourceTree = "<group>";
		};
		A953CA7124582D6D00013375 /* Preview Content */ = {
			isa = PBXGroup;
			children = (
				A953CA7224582D6D00013375 /* Preview Assets.xcassets */,
			);
			path = "Preview Content";
			sourceTree = "<group>";
		};
		A953CA7D24582D8200013375 /* App */ = {
			isa = PBXGroup;
			children = (
				A953CA6924582D6B00013375 /* AppDelegate.swift */,
				A953CA6B24582D6B00013375 /* SceneDelegate.swift */,
				A953CA6D24582D6B00013375 /* HomeScreen.swift */,
				A953CA7424582D6D00013375 /* LaunchScreen.storyboard */,
				A953CA7724582D6D00013375 /* Info.plist */,
			);
			name = App;
			sourceTree = "<group>";
		};
		A953CA862458428700013375 /* Project Files */ = {
			isa = PBXGroup;
			children = (
				A953CA8F245842AB00013375 /* Readmes */,
				A953CA8D245842AB00013375 /* .gitignore */,
				A953CA88245842AB00013375 /* .swiftlint.yml */,
				A953CA8A245842AB00013375 /* DSSwiftKit.podspec */,
				A953CA89245842AB00013375 /* Fastfile */,
				A953CA87245842AB00013375 /* LICENSE */,
				A953CA8B245842AB00013375 /* Package.swift */,
				A953CA8E245842AB00013375 /* README.md */,
				A953CA8C245842AB00013375 /* Release Notes.md */,
			);
			name = "Project Files";
			sourceTree = "<group>";
		};
		A953CA8F245842AB00013375 /* Readmes */ = {
			isa = PBXGroup;
			children = (
				A953CAB52458D24C00013375 /* Authentication.md */,
				A953CA90245842AB00013375 /* Extensions.md */,
			);
			name = Readmes;
			path = ../Readmes;
			sourceTree = "<group>";
		};
		A953CAA72458441600013375 /* Resources */ = {
			isa = PBXGroup;
			children = (
				A953CAA82458441600013375 /* Assets.xcassets */,
			);
			path = Resources;
			sourceTree = "<group>";
		};
		A953CAB22458C06500013375 /* Demo */ = {
			isa = PBXGroup;
			children = (
				A953CAB32458C06F00013375 /* ListButton.swift */,
			);
			path = Demo;
			sourceTree = "<group>";
		};
		A953CABB245A1FBE00013375 /* Screens */ = {
			isa = PBXGroup;
			children = (
				A953CAB02458BF8900013375 /* AuthenticationScreen.swift */,
				A953CA7F24582E2D00013375 /* ExtensionsScreen.swift */,
				A953CAB9245A191000013375 /* IoCScreen.swift */,
				A953CABC245A1FDB00013375 /* CodingScreen.swift */,
			);
			path = Screens;
			sourceTree = "<group>";
		};
/* End PBXGroup section */

/* Begin PBXNativeTarget section */
		A953CA6524582D6B00013375 /* SwiftKitDemo */ = {
			isa = PBXNativeTarget;
			buildConfigurationList = A953CA7A24582D6D00013375 /* Build configuration list for PBXNativeTarget "SwiftKitDemo" */;
			buildPhases = (
				A953CA6224582D6B00013375 /* Sources */,
				A953CA6324582D6B00013375 /* Frameworks */,
				A953CA6424582D6B00013375 /* Resources */,
			);
			buildRules = (
			);
			dependencies = (
			);
			name = SwiftKitDemo;
			packageProductDependencies = (
				A953CAAD245852CF00013375 /* SwiftKit */,
			);
			productName = SwiftKitDemo;
			productReference = A953CA6624582D6B00013375 /* SwiftKitDemo.app */;
			productType = "com.apple.product-type.application";
		};
/* End PBXNativeTarget section */

/* Begin PBXProject section */
		A953CA5E24582D6B00013375 /* Project object */ = {
			isa = PBXProject;
			attributes = {
				LastSwiftUpdateCheck = 1140;
				LastUpgradeCheck = 1140;
				ORGANIZATIONNAME = "Daniel Saidi";
				TargetAttributes = {
					A953CA6524582D6B00013375 = {
						CreatedOnToolsVersion = 11.4.1;
					};
				};
			};
			buildConfigurationList = A953CA6124582D6B00013375 /* Build configuration list for PBXProject "SwiftKitDemo" */;
			compatibilityVersion = "Xcode 9.3";
			developmentRegion = en;
			hasScannedForEncodings = 0;
			knownRegions = (
				en,
				Base,
			);
			mainGroup = A953CA5D24582D6B00013375;
			packageReferences = (
				A953CAAC245852CF00013375 /* XCRemoteSwiftPackageReference "SwiftKit" */,
			);
			productRefGroup = A953CA6724582D6B00013375 /* Products */;
			projectDirPath = "";
			projectRoot = "";
			targets = (
				A953CA6524582D6B00013375 /* SwiftKitDemo */,
			);
		};
/* End PBXProject section */

/* Begin PBXResourcesBuildPhase section */
		A953CA6424582D6B00013375 /* Resources */ = {
			isa = PBXResourcesBuildPhase;
			buildActionMask = 2147483647;
			files = (
				A953CA7624582D6D00013375 /* LaunchScreen.storyboard in Resources */,
				A953CAA92458441600013375 /* Assets.xcassets in Resources */,
				A953CA7324582D6D00013375 /* Preview Assets.xcassets in Resources */,
			);
			runOnlyForDeploymentPostprocessing = 0;
		};
/* End PBXResourcesBuildPhase section */

/* Begin PBXSourcesBuildPhase section */
		A953CA6224582D6B00013375 /* Sources */ = {
			isa = PBXSourcesBuildPhase;
			buildActionMask = 2147483647;
			files = (
				A953CA6A24582D6B00013375 /* AppDelegate.swift in Sources */,
				A953CABD245A1FDB00013375 /* CodingScreen.swift in Sources */,
				A953CAB12458BF8900013375 /* AuthenticationScreen.swift in Sources */,
				A953CA8024582E2D00013375 /* ExtensionsScreen.swift in Sources */,
				A953CAB42458C06F00013375 /* ListButton.swift in Sources */,
				A953CA6C24582D6B00013375 /* SceneDelegate.swift in Sources */,
				A953CA6E24582D6B00013375 /* HomeScreen.swift in Sources */,
				A953CABA245A191000013375 /* IoCScreen.swift in Sources */,
			);
			runOnlyForDeploymentPostprocessing = 0;
		};
/* End PBXSourcesBuildPhase section */

/* Begin PBXVariantGroup section */
		A953CA7424582D6D00013375 /* LaunchScreen.storyboard */ = {
			isa = PBXVariantGroup;
			children = (
				A953CA7524582D6D00013375 /* Base */,
			);
			name = LaunchScreen.storyboard;
			sourceTree = "<group>";
		};
/* End PBXVariantGroup section */

/* Begin XCBuildConfiguration section */
		A953CA7824582D6D00013375 /* Debug */ = {
			isa = XCBuildConfiguration;
			buildSettings = {
				ALWAYS_SEARCH_USER_PATHS = NO;
				CLANG_ANALYZER_NONNULL = YES;
				CLANG_ANALYZER_NUMBER_OBJECT_CONVERSION = YES_AGGRESSIVE;
				CLANG_CXX_LANGUAGE_STANDARD = "gnu++14";
				CLANG_CXX_LIBRARY = "libc++";
				CLANG_ENABLE_MODULES = YES;
				CLANG_ENABLE_OBJC_ARC = YES;
				CLANG_ENABLE_OBJC_WEAK = YES;
				CLANG_WARN_BLOCK_CAPTURE_AUTORELEASING = YES;
				CLANG_WARN_BOOL_CONVERSION = YES;
				CLANG_WARN_COMMA = YES;
				CLANG_WARN_CONSTANT_CONVERSION = YES;
				CLANG_WARN_DEPRECATED_OBJC_IMPLEMENTATIONS = YES;
				CLANG_WARN_DIRECT_OBJC_ISA_USAGE = YES_ERROR;
				CLANG_WARN_DOCUMENTATION_COMMENTS = YES;
				CLANG_WARN_EMPTY_BODY = YES;
				CLANG_WARN_ENUM_CONVERSION = YES;
				CLANG_WARN_INFINITE_RECURSION = YES;
				CLANG_WARN_INT_CONVERSION = YES;
				CLANG_WARN_NON_LITERAL_NULL_CONVERSION = YES;
				CLANG_WARN_OBJC_IMPLICIT_RETAIN_SELF = YES;
				CLANG_WARN_OBJC_LITERAL_CONVERSION = YES;
				CLANG_WARN_OBJC_ROOT_CLASS = YES_ERROR;
				CLANG_WARN_RANGE_LOOP_ANALYSIS = YES;
				CLANG_WARN_STRICT_PROTOTYPES = YES;
				CLANG_WARN_SUSPICIOUS_MOVE = YES;
				CLANG_WARN_UNGUARDED_AVAILABILITY = YES_AGGRESSIVE;
				CLANG_WARN_UNREACHABLE_CODE = YES;
				CLANG_WARN__DUPLICATE_METHOD_MATCH = YES;
				COPY_PHASE_STRIP = NO;
				DEBUG_INFORMATION_FORMAT = dwarf;
				ENABLE_STRICT_OBJC_MSGSEND = YES;
				ENABLE_TESTABILITY = YES;
				GCC_C_LANGUAGE_STANDARD = gnu11;
				GCC_DYNAMIC_NO_PIC = NO;
				GCC_NO_COMMON_BLOCKS = YES;
				GCC_OPTIMIZATION_LEVEL = 0;
				GCC_PREPROCESSOR_DEFINITIONS = (
					"DEBUG=1",
					"$(inherited)",
				);
				GCC_WARN_64_TO_32_BIT_CONVERSION = YES;
				GCC_WARN_ABOUT_RETURN_TYPE = YES_ERROR;
				GCC_WARN_UNDECLARED_SELECTOR = YES;
				GCC_WARN_UNINITIALIZED_AUTOS = YES_AGGRESSIVE;
				GCC_WARN_UNUSED_FUNCTION = YES;
				GCC_WARN_UNUSED_VARIABLE = YES;
				IPHONEOS_DEPLOYMENT_TARGET = 13.0;
				MTL_ENABLE_DEBUG_INFO = INCLUDE_SOURCE;
				MTL_FAST_MATH = YES;
				ONLY_ACTIVE_ARCH = YES;
				SDKROOT = iphoneos;
				SWIFT_ACTIVE_COMPILATION_CONDITIONS = DEBUG;
				SWIFT_OPTIMIZATION_LEVEL = "-Onone";
			};
			name = Debug;
		};
		A953CA7924582D6D00013375 /* Release */ = {
			isa = XCBuildConfiguration;
			buildSettings = {
				ALWAYS_SEARCH_USER_PATHS = NO;
				CLANG_ANALYZER_NONNULL = YES;
				CLANG_ANALYZER_NUMBER_OBJECT_CONVERSION = YES_AGGRESSIVE;
				CLANG_CXX_LANGUAGE_STANDARD = "gnu++14";
				CLANG_CXX_LIBRARY = "libc++";
				CLANG_ENABLE_MODULES = YES;
				CLANG_ENABLE_OBJC_ARC = YES;
				CLANG_ENABLE_OBJC_WEAK = YES;
				CLANG_WARN_BLOCK_CAPTURE_AUTORELEASING = YES;
				CLANG_WARN_BOOL_CONVERSION = YES;
				CLANG_WARN_COMMA = YES;
				CLANG_WARN_CONSTANT_CONVERSION = YES;
				CLANG_WARN_DEPRECATED_OBJC_IMPLEMENTATIONS = YES;
				CLANG_WARN_DIRECT_OBJC_ISA_USAGE = YES_ERROR;
				CLANG_WARN_DOCUMENTATION_COMMENTS = YES;
				CLANG_WARN_EMPTY_BODY = YES;
				CLANG_WARN_ENUM_CONVERSION = YES;
				CLANG_WARN_INFINITE_RECURSION = YES;
				CLANG_WARN_INT_CONVERSION = YES;
				CLANG_WARN_NON_LITERAL_NULL_CONVERSION = YES;
				CLANG_WARN_OBJC_IMPLICIT_RETAIN_SELF = YES;
				CLANG_WARN_OBJC_LITERAL_CONVERSION = YES;
				CLANG_WARN_OBJC_ROOT_CLASS = YES_ERROR;
				CLANG_WARN_RANGE_LOOP_ANALYSIS = YES;
				CLANG_WARN_STRICT_PROTOTYPES = YES;
				CLANG_WARN_SUSPICIOUS_MOVE = YES;
				CLANG_WARN_UNGUARDED_AVAILABILITY = YES_AGGRESSIVE;
				CLANG_WARN_UNREACHABLE_CODE = YES;
				CLANG_WARN__DUPLICATE_METHOD_MATCH = YES;
				COPY_PHASE_STRIP = NO;
				DEBUG_INFORMATION_FORMAT = "dwarf-with-dsym";
				ENABLE_NS_ASSERTIONS = NO;
				ENABLE_STRICT_OBJC_MSGSEND = YES;
				GCC_C_LANGUAGE_STANDARD = gnu11;
				GCC_NO_COMMON_BLOCKS = YES;
				GCC_WARN_64_TO_32_BIT_CONVERSION = YES;
				GCC_WARN_ABOUT_RETURN_TYPE = YES_ERROR;
				GCC_WARN_UNDECLARED_SELECTOR = YES;
				GCC_WARN_UNINITIALIZED_AUTOS = YES_AGGRESSIVE;
				GCC_WARN_UNUSED_FUNCTION = YES;
				GCC_WARN_UNUSED_VARIABLE = YES;
				IPHONEOS_DEPLOYMENT_TARGET = 13.0;
				MTL_ENABLE_DEBUG_INFO = NO;
				MTL_FAST_MATH = YES;
				SDKROOT = iphoneos;
				SWIFT_COMPILATION_MODE = wholemodule;
				SWIFT_OPTIMIZATION_LEVEL = "-O";
				VALIDATE_PRODUCT = YES;
			};
			name = Release;
		};
		A953CA7B24582D6D00013375 /* Debug */ = {
			isa = XCBuildConfiguration;
			buildSettings = {
				ASSETCATALOG_COMPILER_APPICON_NAME = AppIcon;
				CODE_SIGN_STYLE = Automatic;
				DEVELOPMENT_ASSET_PATHS = "\"SwiftKitDemo/Preview Content\"";
				DEVELOPMENT_TEAM = PMEDFW438U;
				ENABLE_PREVIEWS = YES;
				INFOPLIST_FILE = SwiftKitDemo/Info.plist;
				LD_RUNPATH_SEARCH_PATHS = (
					"$(inherited)",
					"@executable_path/Frameworks",
				);
				PRODUCT_BUNDLE_IDENTIFIER = com.danielsaidi.swiftkit.demo;
				PRODUCT_NAME = "$(TARGET_NAME)";
				SWIFT_VERSION = 5.0;
				TARGETED_DEVICE_FAMILY = "1,2";
			};
			name = Debug;
		};
		A953CA7C24582D6D00013375 /* Release */ = {
			isa = XCBuildConfiguration;
			buildSettings = {
				ASSETCATALOG_COMPILER_APPICON_NAME = AppIcon;
				CODE_SIGN_STYLE = Automatic;
				DEVELOPMENT_ASSET_PATHS = "\"SwiftKitDemo/Preview Content\"";
				DEVELOPMENT_TEAM = PMEDFW438U;
				ENABLE_PREVIEWS = YES;
				INFOPLIST_FILE = SwiftKitDemo/Info.plist;
				LD_RUNPATH_SEARCH_PATHS = (
					"$(inherited)",
					"@executable_path/Frameworks",
				);
				PRODUCT_BUNDLE_IDENTIFIER = com.danielsaidi.swiftkit.demo;
				PRODUCT_NAME = "$(TARGET_NAME)";
				SWIFT_VERSION = 5.0;
				TARGETED_DEVICE_FAMILY = "1,2";
			};
			name = Release;
		};
/* End XCBuildConfiguration section */

/* Begin XCConfigurationList section */
		A953CA6124582D6B00013375 /* Build configuration list for PBXProject "SwiftKitDemo" */ = {
			isa = XCConfigurationList;
			buildConfigurations = (
				A953CA7824582D6D00013375 /* Debug */,
				A953CA7924582D6D00013375 /* Release */,
			);
			defaultConfigurationIsVisible = 0;
			defaultConfigurationName = Release;
		};
		A953CA7A24582D6D00013375 /* Build configuration list for PBXNativeTarget "SwiftKitDemo" */ = {
			isa = XCConfigurationList;
			buildConfigurations = (
				A953CA7B24582D6D00013375 /* Debug */,
				A953CA7C24582D6D00013375 /* Release */,
			);
			defaultConfigurationIsVisible = 0;
			defaultConfigurationName = Release;
		};
/* End XCConfigurationList section */

/* Begin XCRemoteSwiftPackageReference section */
		A953CAAC245852CF00013375 /* XCRemoteSwiftPackageReference "SwiftKit" */ = {
			isa = XCRemoteSwiftPackageReference;
			repositoryURL = "https://github.com/danielsaidi/SwiftKit.git";
			requirement = {
				branch = master;
				kind = branch;
			};
		};
/* End XCRemoteSwiftPackageReference section */

/* Begin XCSwiftPackageProductDependency section */
		A953CAAD245852CF00013375 /* SwiftKit */ = {
			isa = XCSwiftPackageProductDependency;
			package = A953CAAC245852CF00013375 /* XCRemoteSwiftPackageReference "SwiftKit" */;
			productName = SwiftKit;
		};
/* End XCSwiftPackageProductDependency section */
	};
	rootObject = A953CA5E24582D6B00013375 /* Project object */;
}
