// !$*UTF8*$!
{
	archiveVersion = 1;
	classes = {
	};
	objectVersion = 52;
	objects = {

/* Begin PBXBuildFile section */
		A90CD6A3257E2403008A1749 /* DateScreen.swift in Sources */ = {isa = PBXBuildFile; fileRef = A90CD6A2257E2403008A1749 /* DateScreen.swift */; };
		A90CD6A8257E2412008A1749 /* DateScreen.swift in Sources */ = {isa = PBXBuildFile; fileRef = A90CD6A2257E2403008A1749 /* DateScreen.swift */; };
		A90CD6AB257E241B008A1749 /* Persons.csv in Resources */ = {isa = PBXBuildFile; fileRef = A9544D772574CAFC00522141 /* Persons.csv */; };
		A90CD6AC257E241B008A1749 /* DataScreen.swift in Sources */ = {isa = PBXBuildFile; fileRef = A9544D5E2574C51A00522141 /* DataScreen.swift */; };
		A90CD6AD257E241B008A1749 /* Base64StringCoderScreen.swift in Sources */ = {isa = PBXBuildFile; fileRef = A9544D6F2574C81700522141 /* Base64StringCoderScreen.swift */; };
		A90CD6AE257E241B008A1749 /* StandardCsvParserScreen.swift in Sources */ = {isa = PBXBuildFile; fileRef = A9544D732574C82300522141 /* StandardCsvParserScreen.swift */; };
		A90CD6B3257E2E6E008A1749 /* DeviceScreen.swift in Sources */ = {isa = PBXBuildFile; fileRef = A90CD6B2257E2E6E008A1749 /* DeviceScreen.swift */; };
		A90CD6B7257E3343008A1749 /* DeviceIdentifierScreen.swift in Sources */ = {isa = PBXBuildFile; fileRef = A90CD6B6257E3343008A1749 /* DeviceIdentifierScreen.swift */; };
		A90CD6BA257E334A008A1749 /* DeviceIdentifierScreen.swift in Sources */ = {isa = PBXBuildFile; fileRef = A90CD6B6257E3343008A1749 /* DeviceIdentifierScreen.swift */; };
		A917E308261C41AE00745DB2 /* SwiftKit in Frameworks */ = {isa = PBXBuildFile; productRef = A917E307261C41AE00745DB2 /* SwiftKit */; };
		A917E30C261C41B500745DB2 /* SwiftKit in Frameworks */ = {isa = PBXBuildFile; productRef = A917E30B261C41B500745DB2 /* SwiftKit */; };
		A9544BD62571CBC900522141 /* DemoApp.swift in Sources */ = {isa = PBXBuildFile; fileRef = A9544BC32571CBC800522141 /* DemoApp.swift */; };
		A9544BD72571CBC900522141 /* DemoApp.swift in Sources */ = {isa = PBXBuildFile; fileRef = A9544BC32571CBC800522141 /* DemoApp.swift */; };
		A9544BD82571CBC900522141 /* ContentView.swift in Sources */ = {isa = PBXBuildFile; fileRef = A9544BC42571CBC800522141 /* ContentView.swift */; };
		A9544BD92571CBC900522141 /* ContentView.swift in Sources */ = {isa = PBXBuildFile; fileRef = A9544BC42571CBC800522141 /* ContentView.swift */; };
		A9544BDA2571CBC900522141 /* Assets.xcassets in Resources */ = {isa = PBXBuildFile; fileRef = A9544BC52571CBC900522141 /* Assets.xcassets */; };
		A9544BDB2571CBC900522141 /* Assets.xcassets in Resources */ = {isa = PBXBuildFile; fileRef = A9544BC52571CBC900522141 /* Assets.xcassets */; };
		A9544C0F2571CD6B00522141 /* Image+Demo.swift in Sources */ = {isa = PBXBuildFile; fileRef = A9544C0E2571CD6B00522141 /* Image+Demo.swift */; };
		A9544C102571CD6B00522141 /* Image+Demo.swift in Sources */ = {isa = PBXBuildFile; fileRef = A9544C0E2571CD6B00522141 /* Image+Demo.swift */; };
		A9544D3B2574446A00522141 /* AuthenticationScreen.swift in Sources */ = {isa = PBXBuildFile; fileRef = A9544D3A2574446A00522141 /* AuthenticationScreen.swift */; };
		A9544D3C2574446A00522141 /* AuthenticationScreen.swift in Sources */ = {isa = PBXBuildFile; fileRef = A9544D3A2574446A00522141 /* AuthenticationScreen.swift */; };
		A9544D42257444DE00522141 /* BiometricAuthenticationServiceScreen.swift in Sources */ = {isa = PBXBuildFile; fileRef = A9544D41257444DE00522141 /* BiometricAuthenticationServiceScreen.swift */; };
		A9544D43257444DE00522141 /* BiometricAuthenticationServiceScreen.swift in Sources */ = {isa = PBXBuildFile; fileRef = A9544D41257444DE00522141 /* BiometricAuthenticationServiceScreen.swift */; };
		A9544D492574450600522141 /* CachedAuthenticationServiceProxyScreen.swift in Sources */ = {isa = PBXBuildFile; fileRef = A9544D482574450600522141 /* CachedAuthenticationServiceProxyScreen.swift */; };
		A9544D4A2574450600522141 /* CachedAuthenticationServiceProxyScreen.swift in Sources */ = {isa = PBXBuildFile; fileRef = A9544D482574450600522141 /* CachedAuthenticationServiceProxyScreen.swift */; };
		A9544D53257455CA00522141 /* SwiftUIKit in Frameworks */ = {isa = PBXBuildFile; productRef = A9544D52257455CA00522141 /* SwiftUIKit */; };
		A9544D58257455DA00522141 /* SwiftUIKit in Frameworks */ = {isa = PBXBuildFile; productRef = A9544D57257455DA00522141 /* SwiftUIKit */; };
		A9544D5F2574C51A00522141 /* DataScreen.swift in Sources */ = {isa = PBXBuildFile; fileRef = A9544D5E2574C51A00522141 /* DataScreen.swift */; };
		A9544D702574C81700522141 /* Base64StringCoderScreen.swift in Sources */ = {isa = PBXBuildFile; fileRef = A9544D6F2574C81700522141 /* Base64StringCoderScreen.swift */; };
		A9544D742574C82300522141 /* StandardCsvParserScreen.swift in Sources */ = {isa = PBXBuildFile; fileRef = A9544D732574C82300522141 /* StandardCsvParserScreen.swift */; };
		A9544D782574CAFC00522141 /* Persons.csv in Resources */ = {isa = PBXBuildFile; fileRef = A9544D772574CAFC00522141 /* Persons.csv */; };
		A982781B257E523B0006D64F /* ExtensionsScreen.swift in Sources */ = {isa = PBXBuildFile; fileRef = A982781A257E523B0006D64F /* ExtensionsScreen.swift */; };
		A982781E257E52680006D64F /* ExtensionsScreen.swift in Sources */ = {isa = PBXBuildFile; fileRef = A982781A257E523B0006D64F /* ExtensionsScreen.swift */; };
		A9827825257E53510006D64F /* FilesScreen.swift in Sources */ = {isa = PBXBuildFile; fileRef = A9827824257E53510006D64F /* FilesScreen.swift */; };
		A9827835257E54EA0006D64F /* FilesScreen.swift in Sources */ = {isa = PBXBuildFile; fileRef = A9827824257E53510006D64F /* FilesScreen.swift */; };
		A982783B257E55000006D64F /* FileFinderScreen.swift in Sources */ = {isa = PBXBuildFile; fileRef = A982783A257E55000006D64F /* FileFinderScreen.swift */; };
		A982783C257E55000006D64F /* FileFinderScreen.swift in Sources */ = {isa = PBXBuildFile; fileRef = A982783A257E55000006D64F /* FileFinderScreen.swift */; };
		A9827840257E550B0006D64F /* DirectoryServiceScreen.swift in Sources */ = {isa = PBXBuildFile; fileRef = A982783F257E550B0006D64F /* DirectoryServiceScreen.swift */; };
		A9827841257E550B0006D64F /* DirectoryServiceScreen.swift in Sources */ = {isa = PBXBuildFile; fileRef = A982783F257E550B0006D64F /* DirectoryServiceScreen.swift */; };
		A9827848257E5B060006D64F /* File1.txt in Resources */ = {isa = PBXBuildFile; fileRef = A9827847257E5B060006D64F /* File1.txt */; };
		A9827849257E5B060006D64F /* File1.txt in Resources */ = {isa = PBXBuildFile; fileRef = A9827847257E5B060006D64F /* File1.txt */; };
		A9827850257E5B2A0006D64F /* File5.jpg in Resources */ = {isa = PBXBuildFile; fileRef = A982784C257E5B290006D64F /* File5.jpg */; };
		A9827851257E5B2A0006D64F /* File5.jpg in Resources */ = {isa = PBXBuildFile; fileRef = A982784C257E5B290006D64F /* File5.jpg */; };
		A9827852257E5B2A0006D64F /* File4.txt in Resources */ = {isa = PBXBuildFile; fileRef = A982784D257E5B290006D64F /* File4.txt */; };
		A9827853257E5B2A0006D64F /* File4.txt in Resources */ = {isa = PBXBuildFile; fileRef = A982784D257E5B290006D64F /* File4.txt */; };
		A9827854257E5B2A0006D64F /* File2.pdf in Resources */ = {isa = PBXBuildFile; fileRef = A982784E257E5B290006D64F /* File2.pdf */; };
		A9827855257E5B2A0006D64F /* File2.pdf in Resources */ = {isa = PBXBuildFile; fileRef = A982784E257E5B290006D64F /* File2.pdf */; };
		A9827856257E5B2A0006D64F /* File3.gif in Resources */ = {isa = PBXBuildFile; fileRef = A982784F257E5B2A0006D64F /* File3.gif */; };
		A9827857257E5B2A0006D64F /* File3.gif in Resources */ = {isa = PBXBuildFile; fileRef = A982784F257E5B2A0006D64F /* File3.gif */; };
		A982786A257E5D550006D64F /* GeoScreen.swift in Sources */ = {isa = PBXBuildFile; fileRef = A9827869257E5D550006D64F /* GeoScreen.swift */; };
		A982786B257E5D550006D64F /* GeoScreen.swift in Sources */ = {isa = PBXBuildFile; fileRef = A9827869257E5D550006D64F /* GeoScreen.swift */; };
		A9827871257E5DE80006D64F /* WorldCoordinateScreen.swift in Sources */ = {isa = PBXBuildFile; fileRef = A9827870257E5DE80006D64F /* WorldCoordinateScreen.swift */; };
		A9827872257E5DE80006D64F /* WorldCoordinateScreen.swift in Sources */ = {isa = PBXBuildFile; fileRef = A9827870257E5DE80006D64F /* WorldCoordinateScreen.swift */; };
		A9827876257E5E0E0006D64F /* ExternalMapServicesScreen.swift in Sources */ = {isa = PBXBuildFile; fileRef = A9827875257E5E0E0006D64F /* ExternalMapServicesScreen.swift */; };
		A9827877257E5E0E0006D64F /* ExternalMapServicesScreen.swift in Sources */ = {isa = PBXBuildFile; fileRef = A9827875257E5E0E0006D64F /* ExternalMapServicesScreen.swift */; };
		A982787C257E65850006D64F /* IoCScreen.swift in Sources */ = {isa = PBXBuildFile; fileRef = A982787B257E65850006D64F /* IoCScreen.swift */; };
		A982787D257E65850006D64F /* IoCScreen.swift in Sources */ = {isa = PBXBuildFile; fileRef = A982787B257E65850006D64F /* IoCScreen.swift */; };
		A9827885257E67080006D64F /* KeychainScreen.swift in Sources */ = {isa = PBXBuildFile; fileRef = A9827884257E67080006D64F /* KeychainScreen.swift */; };
		A9827886257E67080006D64F /* KeychainScreen.swift in Sources */ = {isa = PBXBuildFile; fileRef = A9827884257E67080006D64F /* KeychainScreen.swift */; };
		A982788C257E67660006D64F /* KeychainServiceScreen.swift in Sources */ = {isa = PBXBuildFile; fileRef = A982788B257E67660006D64F /* KeychainServiceScreen.swift */; };
		A982788D257E67660006D64F /* KeychainServiceScreen.swift in Sources */ = {isa = PBXBuildFile; fileRef = A982788B257E67660006D64F /* KeychainServiceScreen.swift */; };
		A9827892257E73D40006D64F /* LocalizationScreen.swift in Sources */ = {isa = PBXBuildFile; fileRef = A9827891257E73D40006D64F /* LocalizationScreen.swift */; };
		A9827893257E73D40006D64F /* LocalizationScreen.swift in Sources */ = {isa = PBXBuildFile; fileRef = A9827891257E73D40006D64F /* LocalizationScreen.swift */; };
		A9827897257E74040006D64F /* LocalizationServiceScreen.swift in Sources */ = {isa = PBXBuildFile; fileRef = A9827896257E74040006D64F /* LocalizationServiceScreen.swift */; };
		A9827898257E74040006D64F /* LocalizationServiceScreen.swift in Sources */ = {isa = PBXBuildFile; fileRef = A9827896257E74040006D64F /* LocalizationServiceScreen.swift */; };
		A982789C257E740E0006D64F /* TranslatorScreen.swift in Sources */ = {isa = PBXBuildFile; fileRef = A982789B257E740E0006D64F /* TranslatorScreen.swift */; };
		A982789D257E740E0006D64F /* TranslatorScreen.swift in Sources */ = {isa = PBXBuildFile; fileRef = A982789B257E740E0006D64F /* TranslatorScreen.swift */; };
		A98278A0257E74440006D64F /* DeviceScreen.swift in Sources */ = {isa = PBXBuildFile; fileRef = A90CD6B2257E2E6E008A1749 /* DeviceScreen.swift */; };
		A98278A8257E76940006D64F /* Localizable.strings in Resources */ = {isa = PBXBuildFile; fileRef = A98278AB257E76940006D64F /* Localizable.strings */; };
		A98278A9257E76940006D64F /* Localizable.strings in Resources */ = {isa = PBXBuildFile; fileRef = A98278AB257E76940006D64F /* Localizable.strings */; };
		A98278B6257E7AC20006D64F /* NetworkScreen.swift in Sources */ = {isa = PBXBuildFile; fileRef = A98278B5257E7AC20006D64F /* NetworkScreen.swift */; };
		A98278B7257E7AC20006D64F /* NetworkScreen.swift in Sources */ = {isa = PBXBuildFile; fileRef = A98278B5257E7AC20006D64F /* NetworkScreen.swift */; };
		A98278BC257E7B3D0006D64F /* ServicesScreen.swift in Sources */ = {isa = PBXBuildFile; fileRef = A98278BB257E7B3D0006D64F /* ServicesScreen.swift */; };
		A98278BD257E7B3D0006D64F /* ServicesScreen.swift in Sources */ = {isa = PBXBuildFile; fileRef = A98278BB257E7B3D0006D64F /* ServicesScreen.swift */; };
		A98278C3257E7C290006D64F /* DemoAppearance.swift in Sources */ = {isa = PBXBuildFile; fileRef = A98278C2257E7C290006D64F /* DemoAppearance.swift */; };
		A98278C4257E7C290006D64F /* DemoAppearance.swift in Sources */ = {isa = PBXBuildFile; fileRef = A98278C2257E7C290006D64F /* DemoAppearance.swift */; };
		A98278D3257E83250006D64F /* Color+Demo.swift in Sources */ = {isa = PBXBuildFile; fileRef = A98278D2257E83250006D64F /* Color+Demo.swift */; };
		A98278D4257E83250006D64F /* Color+Demo.swift in Sources */ = {isa = PBXBuildFile; fileRef = A98278D2257E83250006D64F /* Color+Demo.swift */; };
/* End PBXBuildFile section */

/* Begin PBXFileReference section */
		A90CD6A2257E2403008A1749 /* DateScreen.swift */ = {isa = PBXFileReference; lastKnownFileType = sourcecode.swift; path = DateScreen.swift; sourceTree = "<group>"; };
		A90CD6B2257E2E6E008A1749 /* DeviceScreen.swift */ = {isa = PBXFileReference; lastKnownFileType = sourcecode.swift; path = DeviceScreen.swift; sourceTree = "<group>"; };
		A90CD6B6257E3343008A1749 /* DeviceIdentifierScreen.swift */ = {isa = PBXFileReference; lastKnownFileType = sourcecode.swift; path = DeviceIdentifierScreen.swift; sourceTree = "<group>"; };
		A9544BC32571CBC800522141 /* DemoApp.swift */ = {isa = PBXFileReference; lastKnownFileType = sourcecode.swift; path = DemoApp.swift; sourceTree = "<group>"; };
		A9544BC42571CBC800522141 /* ContentView.swift */ = {isa = PBXFileReference; lastKnownFileType = sourcecode.swift; path = ContentView.swift; sourceTree = "<group>"; };
		A9544BC52571CBC900522141 /* Assets.xcassets */ = {isa = PBXFileReference; lastKnownFileType = folder.assetcatalog; path = Assets.xcassets; sourceTree = "<group>"; };
		A9544BCA2571CBC900522141 /* Demo.app */ = {isa = PBXFileReference; explicitFileType = wrapper.application; includeInIndex = 0; path = Demo.app; sourceTree = BUILT_PRODUCTS_DIR; };
		A9544BCD2571CBC900522141 /* Info.plist */ = {isa = PBXFileReference; lastKnownFileType = text.plist.xml; path = Info.plist; sourceTree = "<group>"; };
		A9544BD22571CBC900522141 /* Demo.app */ = {isa = PBXFileReference; explicitFileType = wrapper.application; includeInIndex = 0; path = Demo.app; sourceTree = BUILT_PRODUCTS_DIR; };
		A9544BD42571CBC900522141 /* Info.plist */ = {isa = PBXFileReference; lastKnownFileType = text.plist.xml; path = Info.plist; sourceTree = "<group>"; };
		A9544BD52571CBC900522141 /* macOS.entitlements */ = {isa = PBXFileReference; lastKnownFileType = text.plist.entitlements; path = macOS.entitlements; sourceTree = "<group>"; };
		A9544BEB2571CC4900522141 /* LICENSE */ = {isa = PBXFileReference; lastKnownFileType = text; name = LICENSE; path = ../LICENSE; sourceTree = "<group>"; };
		A9544BEC2571CC4900522141 /* Package.swift */ = {isa = PBXFileReference; lastKnownFileType = sourcecode.swift; name = Package.swift; path = ../Package.swift; sourceTree = "<group>"; };
		A9544BED2571CC4900522141 /* Release Notes.md */ = {isa = PBXFileReference; lastKnownFileType = net.daringfireball.markdown; name = "Release Notes.md"; path = "../Release Notes.md"; sourceTree = "<group>"; };
		A9544BEE2571CC4900522141 /* Package.resolved */ = {isa = PBXFileReference; lastKnownFileType = text; name = Package.resolved; path = ../Package.resolved; sourceTree = "<group>"; };
		A9544BEF2571CC4900522141 /* README.md */ = {isa = PBXFileReference; lastKnownFileType = net.daringfireball.markdown; name = README.md; path = ../README.md; sourceTree = "<group>"; };
		A9544BF02571CC4900522141 /* DSSwiftKit.podspec */ = {isa = PBXFileReference; lastKnownFileType = text; name = DSSwiftKit.podspec; path = ../DSSwiftKit.podspec; sourceTree = "<group>"; };
		A9544BF12571CC5800522141 /* .swiftlint.yml */ = {isa = PBXFileReference; lastKnownFileType = text.yaml; name = .swiftlint.yml; path = ../.swiftlint.yml; sourceTree = "<group>"; };
		A9544BF22571CC5800522141 /* .gitignore */ = {isa = PBXFileReference; lastKnownFileType = text; name = .gitignore; path = ../.gitignore; sourceTree = "<group>"; };
		A9544C0E2571CD6B00522141 /* Image+Demo.swift */ = {isa = PBXFileReference; fileEncoding = 4; lastKnownFileType = sourcecode.swift; path = "Image+Demo.swift"; sourceTree = "<group>"; };
		A9544D3A2574446A00522141 /* AuthenticationScreen.swift */ = {isa = PBXFileReference; fileEncoding = 4; lastKnownFileType = sourcecode.swift; path = AuthenticationScreen.swift; sourceTree = "<group>"; };
		A9544D41257444DE00522141 /* BiometricAuthenticationServiceScreen.swift */ = {isa = PBXFileReference; lastKnownFileType = sourcecode.swift; path = BiometricAuthenticationServiceScreen.swift; sourceTree = "<group>"; };
		A9544D482574450600522141 /* CachedAuthenticationServiceProxyScreen.swift */ = {isa = PBXFileReference; lastKnownFileType = sourcecode.swift; path = CachedAuthenticationServiceProxyScreen.swift; sourceTree = "<group>"; };
		A9544D5E2574C51A00522141 /* DataScreen.swift */ = {isa = PBXFileReference; lastKnownFileType = sourcecode.swift; path = DataScreen.swift; sourceTree = "<group>"; };
		A9544D6F2574C81700522141 /* Base64StringCoderScreen.swift */ = {isa = PBXFileReference; lastKnownFileType = sourcecode.swift; path = Base64StringCoderScreen.swift; sourceTree = "<group>"; };
		A9544D732574C82300522141 /* StandardCsvParserScreen.swift */ = {isa = PBXFileReference; lastKnownFileType = sourcecode.swift; path = StandardCsvParserScreen.swift; sourceTree = "<group>"; };
		A9544D772574CAFC00522141 /* Persons.csv */ = {isa = PBXFileReference; lastKnownFileType = text; path = Persons.csv; sourceTree = "<group>"; };
		A982781A257E523B0006D64F /* ExtensionsScreen.swift */ = {isa = PBXFileReference; lastKnownFileType = sourcecode.swift; path = ExtensionsScreen.swift; sourceTree = "<group>"; };
		A9827824257E53510006D64F /* FilesScreen.swift */ = {isa = PBXFileReference; lastKnownFileType = sourcecode.swift; path = FilesScreen.swift; sourceTree = "<group>"; };
		A982783A257E55000006D64F /* FileFinderScreen.swift */ = {isa = PBXFileReference; lastKnownFileType = sourcecode.swift; path = FileFinderScreen.swift; sourceTree = "<group>"; };
		A982783F257E550B0006D64F /* DirectoryServiceScreen.swift */ = {isa = PBXFileReference; lastKnownFileType = sourcecode.swift; path = DirectoryServiceScreen.swift; sourceTree = "<group>"; };
		A9827847257E5B060006D64F /* File1.txt */ = {isa = PBXFileReference; fileEncoding = 4; lastKnownFileType = text; path = File1.txt; sourceTree = "<group>"; };
		A982784C257E5B290006D64F /* File5.jpg */ = {isa = PBXFileReference; fileEncoding = 4; lastKnownFileType = image.jpeg; path = File5.jpg; sourceTree = "<group>"; };
		A982784D257E5B290006D64F /* File4.txt */ = {isa = PBXFileReference; fileEncoding = 4; lastKnownFileType = text; path = File4.txt; sourceTree = "<group>"; };
		A982784E257E5B290006D64F /* File2.pdf */ = {isa = PBXFileReference; fileEncoding = 4; lastKnownFileType = image.pdf; path = File2.pdf; sourceTree = "<group>"; };
		A982784F257E5B2A0006D64F /* File3.gif */ = {isa = PBXFileReference; fileEncoding = 4; lastKnownFileType = image.gif; path = File3.gif; sourceTree = "<group>"; };
		A9827869257E5D550006D64F /* GeoScreen.swift */ = {isa = PBXFileReference; lastKnownFileType = sourcecode.swift; path = GeoScreen.swift; sourceTree = "<group>"; };
		A9827870257E5DE80006D64F /* WorldCoordinateScreen.swift */ = {isa = PBXFileReference; lastKnownFileType = sourcecode.swift; path = WorldCoordinateScreen.swift; sourceTree = "<group>"; };
		A9827875257E5E0E0006D64F /* ExternalMapServicesScreen.swift */ = {isa = PBXFileReference; lastKnownFileType = sourcecode.swift; path = ExternalMapServicesScreen.swift; sourceTree = "<group>"; };
		A982787B257E65850006D64F /* IoCScreen.swift */ = {isa = PBXFileReference; lastKnownFileType = sourcecode.swift; path = IoCScreen.swift; sourceTree = "<group>"; };
		A9827884257E67080006D64F /* KeychainScreen.swift */ = {isa = PBXFileReference; lastKnownFileType = sourcecode.swift; path = KeychainScreen.swift; sourceTree = "<group>"; };
		A982788B257E67660006D64F /* KeychainServiceScreen.swift */ = {isa = PBXFileReference; lastKnownFileType = sourcecode.swift; path = KeychainServiceScreen.swift; sourceTree = "<group>"; };
		A9827891257E73D40006D64F /* LocalizationScreen.swift */ = {isa = PBXFileReference; lastKnownFileType = sourcecode.swift; path = LocalizationScreen.swift; sourceTree = "<group>"; };
		A9827896257E74040006D64F /* LocalizationServiceScreen.swift */ = {isa = PBXFileReference; lastKnownFileType = sourcecode.swift; path = LocalizationServiceScreen.swift; sourceTree = "<group>"; };
		A982789B257E740E0006D64F /* TranslatorScreen.swift */ = {isa = PBXFileReference; lastKnownFileType = sourcecode.swift; path = TranslatorScreen.swift; sourceTree = "<group>"; };
		A98278AA257E76940006D64F /* en */ = {isa = PBXFileReference; lastKnownFileType = text.plist.strings; name = en; path = en.lproj/Localizable.strings; sourceTree = "<group>"; };
		A98278AE257E76A50006D64F /* sv */ = {isa = PBXFileReference; lastKnownFileType = text.plist.strings; name = sv; path = sv.lproj/Localizable.strings; sourceTree = "<group>"; };
		A98278B5257E7AC20006D64F /* NetworkScreen.swift */ = {isa = PBXFileReference; lastKnownFileType = sourcecode.swift; path = NetworkScreen.swift; sourceTree = "<group>"; };
		A98278BB257E7B3D0006D64F /* ServicesScreen.swift */ = {isa = PBXFileReference; lastKnownFileType = sourcecode.swift; path = ServicesScreen.swift; sourceTree = "<group>"; };
		A98278C2257E7C290006D64F /* DemoAppearance.swift */ = {isa = PBXFileReference; lastKnownFileType = sourcecode.swift; path = DemoAppearance.swift; sourceTree = "<group>"; };
		A98278D2257E83250006D64F /* Color+Demo.swift */ = {isa = PBXFileReference; lastKnownFileType = sourcecode.swift; path = "Color+Demo.swift"; sourceTree = "<group>"; };
/* End PBXFileReference section */

/* Begin PBXFrameworksBuildPhase section */
		A9544BC72571CBC900522141 /* Frameworks */ = {
			isa = PBXFrameworksBuildPhase;
			buildActionMask = 2147483647;
			files = (
				A9544D53257455CA00522141 /* SwiftUIKit in Frameworks */,
				A917E308261C41AE00745DB2 /* SwiftKit in Frameworks */,
			);
			runOnlyForDeploymentPostprocessing = 0;
		};
		A9544BCF2571CBC900522141 /* Frameworks */ = {
			isa = PBXFrameworksBuildPhase;
			buildActionMask = 2147483647;
			files = (
				A9544D58257455DA00522141 /* SwiftUIKit in Frameworks */,
				A917E30C261C41B500745DB2 /* SwiftKit in Frameworks */,
			);
			runOnlyForDeploymentPostprocessing = 0;
		};
/* End PBXFrameworksBuildPhase section */

/* Begin PBXGroup section */
		A90CD6A1257E23F7008A1749 /* Date */ = {
			isa = PBXGroup;
			children = (
				A90CD6A2257E2403008A1749 /* DateScreen.swift */,
			);
			path = Date;
			sourceTree = "<group>";
		};
		A90CD6B1257E2E5E008A1749 /* Device */ = {
			isa = PBXGroup;
			children = (
				A90CD6B2257E2E6E008A1749 /* DeviceScreen.swift */,
				A90CD6B6257E3343008A1749 /* DeviceIdentifierScreen.swift */,
			);
			path = Device;
			sourceTree = "<group>";
		};
		A9544BBD2571CBC800522141 = {
			isa = PBXGroup;
			children = (
				A9544BC22571CBC800522141 /* Shared */,
				A9544BCC2571CBC900522141 /* iOS */,
				A9544BD32571CBC900522141 /* macOS */,
				A9544BCB2571CBC900522141 /* Products */,
				A9544BEA2571CC3200522141 /* Project Files */,
				A9544D56257455DA00522141 /* Frameworks */,
			);
			sourceTree = "<group>";
		};
		A9544BC22571CBC800522141 /* Shared */ = {
			isa = PBXGroup;
			children = (
				A9544D392574445900522141 /* Authentication */,
				A9544D5D2574C50700522141 /* Data */,
				A90CD6A1257E23F7008A1749 /* Date */,
				A9544BF32571CCB600522141 /* Demo */,
				A90CD6B1257E2E5E008A1749 /* Device */,
				A9827819257E522E0006D64F /* Extensions */,
				A9827823257E53440006D64F /* Files */,
				A9827868257E5D4B0006D64F /* Geo */,
				A982787A257E65750006D64F /* IoC */,
				A9827882257E66F20006D64F /* Keychain */,
				A9827890257E73C80006D64F /* Localization */,
				A98278B4257E7AB50006D64F /* Network */,
				A9544BF82571CCC800522141 /* Resources */,
				A98278BA257E7B310006D64F /* Services */,
				A98278B1257E79690006D64F /* Supporting Files */,
			);
			path = Shared;
			sourceTree = "<group>";
		};
		A9544BCB2571CBC900522141 /* Products */ = {
			isa = PBXGroup;
			children = (
				A9544BCA2571CBC900522141 /* Demo.app */,
				A9544BD22571CBC900522141 /* Demo.app */,
			);
			name = Products;
			sourceTree = "<group>";
		};
		A9544BCC2571CBC900522141 /* iOS */ = {
			isa = PBXGroup;
			children = (
				A9544BCD2571CBC900522141 /* Info.plist */,
			);
			path = iOS;
			sourceTree = "<group>";
		};
		A9544BD32571CBC900522141 /* macOS */ = {
			isa = PBXGroup;
			children = (
				A9544BD42571CBC900522141 /* Info.plist */,
				A9544BD52571CBC900522141 /* macOS.entitlements */,
			);
			path = macOS;
			sourceTree = "<group>";
		};
		A9544BEA2571CC3200522141 /* Project Files */ = {
			isa = PBXGroup;
			children = (
				A9544BF22571CC5800522141 /* .gitignore */,
				A9544BF12571CC5800522141 /* .swiftlint.yml */,
				A9544BF02571CC4900522141 /* DSSwiftKit.podspec */,
				A9544BEB2571CC4900522141 /* LICENSE */,
				A9544BEE2571CC4900522141 /* Package.resolved */,
				A9544BEC2571CC4900522141 /* Package.swift */,
				A9544BEF2571CC4900522141 /* README.md */,
				A9544BED2571CC4900522141 /* Release Notes.md */,
			);
			name = "Project Files";
			sourceTree = "<group>";
		};
		A9544BF32571CCB600522141 /* Demo */ = {
			isa = PBXGroup;
			children = (
				A9544BC42571CBC800522141 /* ContentView.swift */,
				A9544BC32571CBC800522141 /* DemoApp.swift */,
				A98278C2257E7C290006D64F /* DemoAppearance.swift */,
			);
			path = Demo;
			sourceTree = "<group>";
		};
		A9544BF82571CCC800522141 /* Resources */ = {
			isa = PBXGroup;
			children = (
				A9544BC52571CBC900522141 /* Assets.xcassets */,
				A9827846257E5AE30006D64F /* Files */,
				A9544C0E2571CD6B00522141 /* Image+Demo.swift */,
				A98278D2257E83250006D64F /* Color+Demo.swift */,
			);
			path = Resources;
			sourceTree = "<group>";
		};
		A9544D392574445900522141 /* Authentication */ = {
			isa = PBXGroup;
			children = (
				A9544D3A2574446A00522141 /* AuthenticationScreen.swift */,
				A9544D41257444DE00522141 /* BiometricAuthenticationServiceScreen.swift */,
				A9544D482574450600522141 /* CachedAuthenticationServiceProxyScreen.swift */,
			);
			path = Authentication;
			sourceTree = "<group>";
		};
		A9544D56257455DA00522141 /* Frameworks */ = {
			isa = PBXGroup;
			children = (
			);
			name = Frameworks;
			sourceTree = "<group>";
		};
		A9544D5D2574C50700522141 /* Data */ = {
			isa = PBXGroup;
			children = (
				A9544D5E2574C51A00522141 /* DataScreen.swift */,
				A9544D6F2574C81700522141 /* Base64StringCoderScreen.swift */,
				A9544D732574C82300522141 /* StandardCsvParserScreen.swift */,
				A9544D772574CAFC00522141 /* Persons.csv */,
			);
			path = Data;
			sourceTree = "<group>";
		};
		A9827819257E522E0006D64F /* Extensions */ = {
			isa = PBXGroup;
			children = (
				A982781A257E523B0006D64F /* ExtensionsScreen.swift */,
			);
			path = Extensions;
			sourceTree = "<group>";
		};
		A9827823257E53440006D64F /* Files */ = {
			isa = PBXGroup;
			children = (
				A9827824257E53510006D64F /* FilesScreen.swift */,
				A982783F257E550B0006D64F /* DirectoryServiceScreen.swift */,
				A982783A257E55000006D64F /* FileFinderScreen.swift */,
			);
			path = Files;
			sourceTree = "<group>";
		};
		A9827846257E5AE30006D64F /* Files */ = {
			isa = PBXGroup;
			children = (
				A9827847257E5B060006D64F /* File1.txt */,
				A982784E257E5B290006D64F /* File2.pdf */,
				A982784F257E5B2A0006D64F /* File3.gif */,
				A982784D257E5B290006D64F /* File4.txt */,
				A982784C257E5B290006D64F /* File5.jpg */,
			);
			path = Files;
			sourceTree = "<group>";
		};
		A9827868257E5D4B0006D64F /* Geo */ = {
			isa = PBXGroup;
			children = (
				A9827869257E5D550006D64F /* GeoScreen.swift */,
				A9827870257E5DE80006D64F /* WorldCoordinateScreen.swift */,
				A9827875257E5E0E0006D64F /* ExternalMapServicesScreen.swift */,
			);
			path = Geo;
			sourceTree = "<group>";
		};
		A982787A257E65750006D64F /* IoC */ = {
			isa = PBXGroup;
			children = (
				A982787B257E65850006D64F /* IoCScreen.swift */,
			);
			path = IoC;
			sourceTree = "<group>";
		};
		A9827882257E66F20006D64F /* Keychain */ = {
			isa = PBXGroup;
			children = (
				A9827884257E67080006D64F /* KeychainScreen.swift */,
				A982788B257E67660006D64F /* KeychainServiceScreen.swift */,
			);
			path = Keychain;
			sourceTree = "<group>";
		};
		A9827890257E73C80006D64F /* Localization */ = {
			isa = PBXGroup;
			children = (
				A9827891257E73D40006D64F /* LocalizationScreen.swift */,
				A9827896257E74040006D64F /* LocalizationServiceScreen.swift */,
				A982789B257E740E0006D64F /* TranslatorScreen.swift */,
			);
			path = Localization;
			sourceTree = "<group>";
		};
		A98278B1257E79690006D64F /* Supporting Files */ = {
			isa = PBXGroup;
			children = (
				A98278AB257E76940006D64F /* Localizable.strings */,
			);
			name = "Supporting Files";
			sourceTree = "<group>";
		};
		A98278B4257E7AB50006D64F /* Network */ = {
			isa = PBXGroup;
			children = (
				A98278B5257E7AC20006D64F /* NetworkScreen.swift */,
			);
			path = Network;
			sourceTree = "<group>";
		};
		A98278BA257E7B310006D64F /* Services */ = {
			isa = PBXGroup;
			children = (
				A98278BB257E7B3D0006D64F /* ServicesScreen.swift */,
			);
			path = Services;
			sourceTree = "<group>";
		};
/* End PBXGroup section */

/* Begin PBXNativeTarget section */
		A9544BC92571CBC900522141 /* Demo (iOS) */ = {
			isa = PBXNativeTarget;
			buildConfigurationList = A9544BDE2571CBC900522141 /* Build configuration list for PBXNativeTarget "Demo (iOS)" */;
			buildPhases = (
				A98278E9257ECDAE0006D64F /* [SwiftLint] */,
				A9544BC62571CBC900522141 /* Sources */,
				A9544BC72571CBC900522141 /* Frameworks */,
				A9544BC82571CBC900522141 /* Resources */,
			);
			buildRules = (
			);
			dependencies = (
			);
			name = "Demo (iOS)";
			packageProductDependencies = (
				A9544D52257455CA00522141 /* SwiftUIKit */,
				A917E307261C41AE00745DB2 /* SwiftKit */,
			);
			productName = "Demo (iOS)";
			productReference = A9544BCA2571CBC900522141 /* Demo.app */;
			productType = "com.apple.product-type.application";
		};
		A9544BD12571CBC900522141 /* Demo (macOS) */ = {
			isa = PBXNativeTarget;
			buildConfigurationList = A9544BE12571CBC900522141 /* Build configuration list for PBXNativeTarget "Demo (macOS)" */;
			buildPhases = (
				A9544BCE2571CBC900522141 /* Sources */,
				A9544BCF2571CBC900522141 /* Frameworks */,
				A9544BD02571CBC900522141 /* Resources */,
			);
			buildRules = (
			);
			dependencies = (
			);
			name = "Demo (macOS)";
			packageProductDependencies = (
				A9544D57257455DA00522141 /* SwiftUIKit */,
				A917E30B261C41B500745DB2 /* SwiftKit */,
			);
			productName = "Demo (macOS)";
			productReference = A9544BD22571CBC900522141 /* Demo.app */;
			productType = "com.apple.product-type.application";
		};
/* End PBXNativeTarget section */

/* Begin PBXProject section */
		A9544BBE2571CBC800522141 /* Project object */ = {
			isa = PBXProject;
			attributes = {
				LastSwiftUpdateCheck = 1220;
				LastUpgradeCheck = 1220;
				ORGANIZATIONNAME = "Daniel Saidi";
				TargetAttributes = {
					A9544BC92571CBC900522141 = {
						CreatedOnToolsVersion = 12.2;
					};
					A9544BD12571CBC900522141 = {
						CreatedOnToolsVersion = 12.2;
					};
				};
			};
			buildConfigurationList = A9544BC12571CBC800522141 /* Build configuration list for PBXProject "Demo" */;
			compatibilityVersion = "Xcode 9.3";
			developmentRegion = en;
			hasScannedForEncodings = 0;
			knownRegions = (
				en,
				Base,
				sv,
			);
			mainGroup = A9544BBD2571CBC800522141;
			packageReferences = (
				A9544D51257455CA00522141 /* XCRemoteSwiftPackageReference "SwiftUIKit" */,
				A917E306261C41AE00745DB2 /* XCRemoteSwiftPackageReference "SwiftKit" */,
			);
			productRefGroup = A9544BCB2571CBC900522141 /* Products */;
			projectDirPath = "";
			projectRoot = "";
			targets = (
				A9544BC92571CBC900522141 /* Demo (iOS) */,
				A9544BD12571CBC900522141 /* Demo (macOS) */,
			);
		};
/* End PBXProject section */

/* Begin PBXResourcesBuildPhase section */
		A9544BC82571CBC900522141 /* Resources */ = {
			isa = PBXResourcesBuildPhase;
			buildActionMask = 2147483647;
			files = (
				A9827850257E5B2A0006D64F /* File5.jpg in Resources */,
				A9827854257E5B2A0006D64F /* File2.pdf in Resources */,
				A9827852257E5B2A0006D64F /* File4.txt in Resources */,
				A9544BDA2571CBC900522141 /* Assets.xcassets in Resources */,
				A9827848257E5B060006D64F /* File1.txt in Resources */,
				A98278A8257E76940006D64F /* Localizable.strings in Resources */,
				A9544D782574CAFC00522141 /* Persons.csv in Resources */,
				A9827856257E5B2A0006D64F /* File3.gif in Resources */,
			);
			runOnlyForDeploymentPostprocessing = 0;
		};
		A9544BD02571CBC900522141 /* Resources */ = {
			isa = PBXResourcesBuildPhase;
			buildActionMask = 2147483647;
			files = (
				A9827851257E5B2A0006D64F /* File5.jpg in Resources */,
				A9827855257E5B2A0006D64F /* File2.pdf in Resources */,
				A9827853257E5B2A0006D64F /* File4.txt in Resources */,
				A9544BDB2571CBC900522141 /* Assets.xcassets in Resources */,
				A9827849257E5B060006D64F /* File1.txt in Resources */,
				A98278A9257E76940006D64F /* Localizable.strings in Resources */,
				A90CD6AB257E241B008A1749 /* Persons.csv in Resources */,
				A9827857257E5B2A0006D64F /* File3.gif in Resources */,
			);
			runOnlyForDeploymentPostprocessing = 0;
		};
/* End PBXResourcesBuildPhase section */

/* Begin PBXShellScriptBuildPhase section */
		A98278E9257ECDAE0006D64F /* [SwiftLint] */ = {
			isa = PBXShellScriptBuildPhase;
			buildActionMask = 2147483647;
			files = (
			);
			inputFileListPaths = (
			);
			inputPaths = (
			);
			name = "[SwiftLint]";
			outputFileListPaths = (
			);
			outputPaths = (
			);
			runOnlyForDeploymentPostprocessing = 0;
			shellPath = /bin/sh;
			shellScript = "if which swiftlint >/dev/null; then\n  swiftlint\nfi\n";
		};
/* End PBXShellScriptBuildPhase section */

/* Begin PBXSourcesBuildPhase section */
		A9544BC62571CBC900522141 /* Sources */ = {
			isa = PBXSourcesBuildPhase;
			buildActionMask = 2147483647;
			files = (
				A9827876257E5E0E0006D64F /* ExternalMapServicesScreen.swift in Sources */,
				A9544D742574C82300522141 /* StandardCsvParserScreen.swift in Sources */,
				A982789C257E740E0006D64F /* TranslatorScreen.swift in Sources */,
				A9544D42257444DE00522141 /* BiometricAuthenticationServiceScreen.swift in Sources */,
				A9544BD82571CBC900522141 /* ContentView.swift in Sources */,
				A90CD6B3257E2E6E008A1749 /* DeviceScreen.swift in Sources */,
				A98278C3257E7C290006D64F /* DemoAppearance.swift in Sources */,
				A9827840257E550B0006D64F /* DirectoryServiceScreen.swift in Sources */,
				A90CD6B7257E3343008A1749 /* DeviceIdentifierScreen.swift in Sources */,
				A98278BC257E7B3D0006D64F /* ServicesScreen.swift in Sources */,
				A9827825257E53510006D64F /* FilesScreen.swift in Sources */,
				A9827871257E5DE80006D64F /* WorldCoordinateScreen.swift in Sources */,
				A9544D5F2574C51A00522141 /* DataScreen.swift in Sources */,
				A9827892257E73D40006D64F /* LocalizationScreen.swift in Sources */,
				A90CD6A3257E2403008A1749 /* DateScreen.swift in Sources */,
				A982787C257E65850006D64F /* IoCScreen.swift in Sources */,
				A982788C257E67660006D64F /* KeychainServiceScreen.swift in Sources */,
				A982781B257E523B0006D64F /* ExtensionsScreen.swift in Sources */,
				A9827897257E74040006D64F /* LocalizationServiceScreen.swift in Sources */,
				A9544D492574450600522141 /* CachedAuthenticationServiceProxyScreen.swift in Sources */,
				A982786A257E5D550006D64F /* GeoScreen.swift in Sources */,
				A9827885257E67080006D64F /* KeychainScreen.swift in Sources */,
				A9544D3B2574446A00522141 /* AuthenticationScreen.swift in Sources */,
				A9544C0F2571CD6B00522141 /* Image+Demo.swift in Sources */,
				A98278D3257E83250006D64F /* Color+Demo.swift in Sources */,
				A9544D702574C81700522141 /* Base64StringCoderScreen.swift in Sources */,
				A98278B6257E7AC20006D64F /* NetworkScreen.swift in Sources */,
				A982783B257E55000006D64F /* FileFinderScreen.swift in Sources */,
				A9544BD62571CBC900522141 /* DemoApp.swift in Sources */,
			);
			runOnlyForDeploymentPostprocessing = 0;
		};
		A9544BCE2571CBC900522141 /* Sources */ = {
			isa = PBXSourcesBuildPhase;
			buildActionMask = 2147483647;
			files = (
				A98278B7257E7AC20006D64F /* NetworkScreen.swift in Sources */,
				A9544D43257444DE00522141 /* BiometricAuthenticationServiceScreen.swift in Sources */,
				A9544BD92571CBC900522141 /* ContentView.swift in Sources */,
				A982786B257E5D550006D64F /* GeoScreen.swift in Sources */,
				A982788D257E67660006D64F /* KeychainServiceScreen.swift in Sources */,
				A98278C4257E7C290006D64F /* DemoAppearance.swift in Sources */,
				A98278D4257E83250006D64F /* Color+Demo.swift in Sources */,
				A982781E257E52680006D64F /* ExtensionsScreen.swift in Sources */,
				A982787D257E65850006D64F /* IoCScreen.swift in Sources */,
				A982783C257E55000006D64F /* FileFinderScreen.swift in Sources */,
				A9827835257E54EA0006D64F /* FilesScreen.swift in Sources */,
				A98278BD257E7B3D0006D64F /* ServicesScreen.swift in Sources */,
				A9827893257E73D40006D64F /* LocalizationScreen.swift in Sources */,
				A9544D4A2574450600522141 /* CachedAuthenticationServiceProxyScreen.swift in Sources */,
				A9827872257E5DE80006D64F /* WorldCoordinateScreen.swift in Sources */,
				A90CD6BA257E334A008A1749 /* DeviceIdentifierScreen.swift in Sources */,
				A9827886257E67080006D64F /* KeychainScreen.swift in Sources */,
				A982789D257E740E0006D64F /* TranslatorScreen.swift in Sources */,
				A98278A0257E74440006D64F /* DeviceScreen.swift in Sources */,
				A90CD6AC257E241B008A1749 /* DataScreen.swift in Sources */,
				A9827841257E550B0006D64F /* DirectoryServiceScreen.swift in Sources */,
				A90CD6AE257E241B008A1749 /* StandardCsvParserScreen.swift in Sources */,
				A9544D3C2574446A00522141 /* AuthenticationScreen.swift in Sources */,
				A90CD6AD257E241B008A1749 /* Base64StringCoderScreen.swift in Sources */,
				A9827877257E5E0E0006D64F /* ExternalMapServicesScreen.swift in Sources */,
				A9544C102571CD6B00522141 /* Image+Demo.swift in Sources */,
				A9827898257E74040006D64F /* LocalizationServiceScreen.swift in Sources */,
				A90CD6A8257E2412008A1749 /* DateScreen.swift in Sources */,
				A9544BD72571CBC900522141 /* DemoApp.swift in Sources */,
			);
			runOnlyForDeploymentPostprocessing = 0;
		};
/* End PBXSourcesBuildPhase section */

/* Begin PBXVariantGroup section */
		A98278AB257E76940006D64F /* Localizable.strings */ = {
			isa = PBXVariantGroup;
			children = (
				A98278AA257E76940006D64F /* en */,
				A98278AE257E76A50006D64F /* sv */,
			);
			name = Localizable.strings;
			sourceTree = "<group>";
		};
/* End PBXVariantGroup section */

/* Begin XCBuildConfiguration section */
		A9544BDC2571CBC900522141 /* Debug */ = {
			isa = XCBuildConfiguration;
			buildSettings = {
				ALWAYS_SEARCH_USER_PATHS = NO;
				CLANG_ANALYZER_LOCALIZABILITY_NONLOCALIZED = YES;
				CLANG_ANALYZER_NONNULL = YES;
				CLANG_ANALYZER_NUMBER_OBJECT_CONVERSION = YES_AGGRESSIVE;
				CLANG_CXX_LANGUAGE_STANDARD = "gnu++14";
				CLANG_CXX_LIBRARY = "libc++";
				CLANG_ENABLE_MODULES = YES;
				CLANG_ENABLE_OBJC_ARC = YES;
				CLANG_ENABLE_OBJC_WEAK = YES;
				CLANG_WARN_BLOCK_CAPTURE_AUTORELEASING = YES;
				CLANG_WARN_BOOL_CONVERSION = YES;
				CLANG_WARN_COMMA = YES;
				CLANG_WARN_CONSTANT_CONVERSION = YES;
				CLANG_WARN_DEPRECATED_OBJC_IMPLEMENTATIONS = YES;
				CLANG_WARN_DIRECT_OBJC_ISA_USAGE = YES_ERROR;
				CLANG_WARN_DOCUMENTATION_COMMENTS = YES;
				CLANG_WARN_EMPTY_BODY = YES;
				CLANG_WARN_ENUM_CONVERSION = YES;
				CLANG_WARN_INFINITE_RECURSION = YES;
				CLANG_WARN_INT_CONVERSION = YES;
				CLANG_WARN_NON_LITERAL_NULL_CONVERSION = YES;
				CLANG_WARN_OBJC_IMPLICIT_RETAIN_SELF = YES;
				CLANG_WARN_OBJC_LITERAL_CONVERSION = YES;
				CLANG_WARN_OBJC_ROOT_CLASS = YES_ERROR;
				CLANG_WARN_QUOTED_INCLUDE_IN_FRAMEWORK_HEADER = YES;
				CLANG_WARN_RANGE_LOOP_ANALYSIS = YES;
				CLANG_WARN_STRICT_PROTOTYPES = YES;
				CLANG_WARN_SUSPICIOUS_MOVE = YES;
				CLANG_WARN_UNGUARDED_AVAILABILITY = YES_AGGRESSIVE;
				CLANG_WARN_UNREACHABLE_CODE = YES;
				CLANG_WARN__DUPLICATE_METHOD_MATCH = YES;
				COPY_PHASE_STRIP = NO;
				DEBUG_INFORMATION_FORMAT = dwarf;
				ENABLE_STRICT_OBJC_MSGSEND = YES;
				ENABLE_TESTABILITY = YES;
				GCC_C_LANGUAGE_STANDARD = gnu11;
				GCC_DYNAMIC_NO_PIC = NO;
				GCC_NO_COMMON_BLOCKS = YES;
				GCC_OPTIMIZATION_LEVEL = 0;
				GCC_PREPROCESSOR_DEFINITIONS = (
					"DEBUG=1",
					"$(inherited)",
				);
				GCC_WARN_64_TO_32_BIT_CONVERSION = YES;
				GCC_WARN_ABOUT_RETURN_TYPE = YES_ERROR;
				GCC_WARN_UNDECLARED_SELECTOR = YES;
				GCC_WARN_UNINITIALIZED_AUTOS = YES_AGGRESSIVE;
				GCC_WARN_UNUSED_FUNCTION = YES;
				GCC_WARN_UNUSED_VARIABLE = YES;
				MTL_ENABLE_DEBUG_INFO = INCLUDE_SOURCE;
				MTL_FAST_MATH = YES;
				ONLY_ACTIVE_ARCH = YES;
				SWIFT_ACTIVE_COMPILATION_CONDITIONS = DEBUG;
				SWIFT_OPTIMIZATION_LEVEL = "-Onone";
			};
			name = Debug;
		};
		A9544BDD2571CBC900522141 /* Release */ = {
			isa = XCBuildConfiguration;
			buildSettings = {
				ALWAYS_SEARCH_USER_PATHS = NO;
				CLANG_ANALYZER_LOCALIZABILITY_NONLOCALIZED = YES;
				CLANG_ANALYZER_NONNULL = YES;
				CLANG_ANALYZER_NUMBER_OBJECT_CONVERSION = YES_AGGRESSIVE;
				CLANG_CXX_LANGUAGE_STANDARD = "gnu++14";
				CLANG_CXX_LIBRARY = "libc++";
				CLANG_ENABLE_MODULES = YES;
				CLANG_ENABLE_OBJC_ARC = YES;
				CLANG_ENABLE_OBJC_WEAK = YES;
				CLANG_WARN_BLOCK_CAPTURE_AUTORELEASING = YES;
				CLANG_WARN_BOOL_CONVERSION = YES;
				CLANG_WARN_COMMA = YES;
				CLANG_WARN_CONSTANT_CONVERSION = YES;
				CLANG_WARN_DEPRECATED_OBJC_IMPLEMENTATIONS = YES;
				CLANG_WARN_DIRECT_OBJC_ISA_USAGE = YES_ERROR;
				CLANG_WARN_DOCUMENTATION_COMMENTS = YES;
				CLANG_WARN_EMPTY_BODY = YES;
				CLANG_WARN_ENUM_CONVERSION = YES;
				CLANG_WARN_INFINITE_RECURSION = YES;
				CLANG_WARN_INT_CONVERSION = YES;
				CLANG_WARN_NON_LITERAL_NULL_CONVERSION = YES;
				CLANG_WARN_OBJC_IMPLICIT_RETAIN_SELF = YES;
				CLANG_WARN_OBJC_LITERAL_CONVERSION = YES;
				CLANG_WARN_OBJC_ROOT_CLASS = YES_ERROR;
				CLANG_WARN_QUOTED_INCLUDE_IN_FRAMEWORK_HEADER = YES;
				CLANG_WARN_RANGE_LOOP_ANALYSIS = YES;
				CLANG_WARN_STRICT_PROTOTYPES = YES;
				CLANG_WARN_SUSPICIOUS_MOVE = YES;
				CLANG_WARN_UNGUARDED_AVAILABILITY = YES_AGGRESSIVE;
				CLANG_WARN_UNREACHABLE_CODE = YES;
				CLANG_WARN__DUPLICATE_METHOD_MATCH = YES;
				COPY_PHASE_STRIP = NO;
				DEBUG_INFORMATION_FORMAT = "dwarf-with-dsym";
				ENABLE_NS_ASSERTIONS = NO;
				ENABLE_STRICT_OBJC_MSGSEND = YES;
				GCC_C_LANGUAGE_STANDARD = gnu11;
				GCC_NO_COMMON_BLOCKS = YES;
				GCC_WARN_64_TO_32_BIT_CONVERSION = YES;
				GCC_WARN_ABOUT_RETURN_TYPE = YES_ERROR;
				GCC_WARN_UNDECLARED_SELECTOR = YES;
				GCC_WARN_UNINITIALIZED_AUTOS = YES_AGGRESSIVE;
				GCC_WARN_UNUSED_FUNCTION = YES;
				GCC_WARN_UNUSED_VARIABLE = YES;
				MTL_ENABLE_DEBUG_INFO = NO;
				MTL_FAST_MATH = YES;
				SWIFT_COMPILATION_MODE = wholemodule;
				SWIFT_OPTIMIZATION_LEVEL = "-O";
			};
			name = Release;
		};
		A9544BDF2571CBC900522141 /* Debug */ = {
			isa = XCBuildConfiguration;
			buildSettings = {
				ASSETCATALOG_COMPILER_APPICON_NAME = AppIcon;
				ASSETCATALOG_COMPILER_GLOBAL_ACCENT_COLOR_NAME = AccentColor;
				CODE_SIGN_STYLE = Automatic;
				DEVELOPMENT_TEAM = PMEDFW438U;
				ENABLE_PREVIEWS = YES;
				INFOPLIST_FILE = iOS/Info.plist;
				IPHONEOS_DEPLOYMENT_TARGET = 14.0;
				LD_RUNPATH_SEARCH_PATHS = (
					"$(inherited)",
					"@executable_path/Frameworks",
				);
				PRODUCT_BUNDLE_IDENTIFIER = com.danielsaidi.swiftkit.demo;
				PRODUCT_NAME = Demo;
				SDKROOT = iphoneos;
				SWIFT_VERSION = 5.0;
				TARGETED_DEVICE_FAMILY = "1,2";
			};
			name = Debug;
		};
		A9544BE02571CBC900522141 /* Release */ = {
			isa = XCBuildConfiguration;
			buildSettings = {
				ASSETCATALOG_COMPILER_APPICON_NAME = AppIcon;
				ASSETCATALOG_COMPILER_GLOBAL_ACCENT_COLOR_NAME = AccentColor;
				CODE_SIGN_STYLE = Automatic;
				DEVELOPMENT_TEAM = PMEDFW438U;
				ENABLE_PREVIEWS = YES;
				INFOPLIST_FILE = iOS/Info.plist;
				IPHONEOS_DEPLOYMENT_TARGET = 14.0;
				LD_RUNPATH_SEARCH_PATHS = (
					"$(inherited)",
					"@executable_path/Frameworks",
				);
				PRODUCT_BUNDLE_IDENTIFIER = com.danielsaidi.swiftkit.demo;
				PRODUCT_NAME = Demo;
				SDKROOT = iphoneos;
				SWIFT_VERSION = 5.0;
				TARGETED_DEVICE_FAMILY = "1,2";
				VALIDATE_PRODUCT = YES;
			};
			name = Release;
		};
		A9544BE22571CBC900522141 /* Debug */ = {
			isa = XCBuildConfiguration;
			buildSettings = {
				ASSETCATALOG_COMPILER_APPICON_NAME = AppIcon;
				ASSETCATALOG_COMPILER_GLOBAL_ACCENT_COLOR_NAME = AccentColor;
				CODE_SIGN_ENTITLEMENTS = macOS/macOS.entitlements;
				CODE_SIGN_STYLE = Automatic;
				COMBINE_HIDPI_IMAGES = YES;
				DEVELOPMENT_TEAM = PMEDFW438U;
				ENABLE_HARDENED_RUNTIME = YES;
				ENABLE_PREVIEWS = YES;
				INFOPLIST_FILE = macOS/Info.plist;
				LD_RUNPATH_SEARCH_PATHS = (
					"$(inherited)",
					"@executable_path/../Frameworks",
				);
				MACOSX_DEPLOYMENT_TARGET = 11.0;
				PRODUCT_BUNDLE_IDENTIFIER = com.danielsaidi.swiftkit.demo;
				PRODUCT_NAME = Demo;
				SDKROOT = macosx;
				SWIFT_VERSION = 5.0;
			};
			name = Debug;
		};
		A9544BE32571CBC900522141 /* Release */ = {
			isa = XCBuildConfiguration;
			buildSettings = {
				ASSETCATALOG_COMPILER_APPICON_NAME = AppIcon;
				ASSETCATALOG_COMPILER_GLOBAL_ACCENT_COLOR_NAME = AccentColor;
				CODE_SIGN_ENTITLEMENTS = macOS/macOS.entitlements;
				CODE_SIGN_STYLE = Automatic;
				COMBINE_HIDPI_IMAGES = YES;
				DEVELOPMENT_TEAM = PMEDFW438U;
				ENABLE_HARDENED_RUNTIME = YES;
				ENABLE_PREVIEWS = YES;
				INFOPLIST_FILE = macOS/Info.plist;
				LD_RUNPATH_SEARCH_PATHS = (
					"$(inherited)",
					"@executable_path/../Frameworks",
				);
				MACOSX_DEPLOYMENT_TARGET = 11.0;
				PRODUCT_BUNDLE_IDENTIFIER = com.danielsaidi.swiftkit.demo;
				PRODUCT_NAME = Demo;
				SDKROOT = macosx;
				SWIFT_VERSION = 5.0;
			};
			name = Release;
		};
/* End XCBuildConfiguration section */

/* Begin XCConfigurationList section */
		A9544BC12571CBC800522141 /* Build configuration list for PBXProject "Demo" */ = {
			isa = XCConfigurationList;
			buildConfigurations = (
				A9544BDC2571CBC900522141 /* Debug */,
				A9544BDD2571CBC900522141 /* Release */,
			);
			defaultConfigurationIsVisible = 0;
			defaultConfigurationName = Release;
		};
		A9544BDE2571CBC900522141 /* Build configuration list for PBXNativeTarget "Demo (iOS)" */ = {
			isa = XCConfigurationList;
			buildConfigurations = (
				A9544BDF2571CBC900522141 /* Debug */,
				A9544BE02571CBC900522141 /* Release */,
			);
			defaultConfigurationIsVisible = 0;
			defaultConfigurationName = Release;
		};
		A9544BE12571CBC900522141 /* Build configuration list for PBXNativeTarget "Demo (macOS)" */ = {
			isa = XCConfigurationList;
			buildConfigurations = (
				A9544BE22571CBC900522141 /* Debug */,
				A9544BE32571CBC900522141 /* Release */,
			);
			defaultConfigurationIsVisible = 0;
			defaultConfigurationName = Release;
		};
/* End XCConfigurationList section */

/* Begin XCRemoteSwiftPackageReference section */
		A917E306261C41AE00745DB2 /* XCRemoteSwiftPackageReference "SwiftKit" */ = {
			isa = XCRemoteSwiftPackageReference;
			repositoryURL = "https://github.com/danielsaidi/SwiftKit.git";
			requirement = {
				kind = upToNextMajorVersion;
				minimumVersion = 0.7.0;
			};
		};
		A9544D51257455CA00522141 /* XCRemoteSwiftPackageReference "SwiftUIKit" */ = {
			isa = XCRemoteSwiftPackageReference;
			repositoryURL = "https://github.com/danielsaidi/SwiftUIKit.git";
			requirement = {
				kind = upToNextMajorVersion;
				minimumVersion = 2.2.0;
			};
		};
/* End XCRemoteSwiftPackageReference section */

/* Begin XCSwiftPackageProductDependency section */
		A917E307261C41AE00745DB2 /* SwiftKit */ = {
			isa = XCSwiftPackageProductDependency;
			package = A917E306261C41AE00745DB2 /* XCRemoteSwiftPackageReference "SwiftKit" */;
			productName = SwiftKit;
		};
		A917E30B261C41B500745DB2 /* SwiftKit */ = {
			isa = XCSwiftPackageProductDependency;
			package = A917E306261C41AE00745DB2 /* XCRemoteSwiftPackageReference "SwiftKit" */;
			productName = SwiftKit;
		};
		A9544D52257455CA00522141 /* SwiftUIKit */ = {
			isa = XCSwiftPackageProductDependency;
			package = A9544D51257455CA00522141 /* XCRemoteSwiftPackageReference "SwiftUIKit" */;
			productName = SwiftUIKit;
		};
		A9544D57257455DA00522141 /* SwiftUIKit */ = {
			isa = XCSwiftPackageProductDependency;
			package = A9544D51257455CA00522141 /* XCRemoteSwiftPackageReference "SwiftUIKit" */;
			productName = SwiftUIKit;
		};
/* End XCSwiftPackageProductDependency section */
	};
	rootObject = A9544BBE2571CBC800522141 /* Project object */;
}
