{
  "object": {
    "pins": [
      {
        "package": "SwiftKit",
        "repositoryURL": "https://github.com/danielsaidi/SwiftKit.git",
        "state": {
          "branch": null,
          "revision": "26bd51fd81a69a32500014eb5baf0ca74ce815c5",
          "version": "0.0.5"
        }
      }
    ]
  },
  "version": 1
}
